{
  "name": "@bunos/responder-http",
  "version": "0.0.0",
  "lockfileVersion": 1,
  "requires": true,
  "dependencies": {
    "end-of-stream": {
      "version": "1.4.4",
      "resolved": "https://registry.eogresources.npme.io/end-of-stream/-/end-of-stream-1.4.4.tgz",
      "integrity": "sha512-+uw1inIHVPQoaVuHzRyXd21icM+cnt4CzD5rW+NC1wjOUSTOs+Te7FOv7AhN7vS9x/oIyhLP5PR1H+phQAHu5Q==",
      "requires": {
        "once": "1.4.0"
      }
    },
    "fast-proxy": {
      "version": "1.4.1",
      "resolved": "https://registry.eogresources.npme.io/fast-proxy/-/fast-proxy-1.4.1.tgz",
      "integrity": "sha512-JRmfe0F1pjhgoDCvpirtKakPaCXgR43+xtipN+t49HRKLcgxrRr7RzT+8FJE8SMXUbcwmEBRiElxeuAlbE+bnA==",
      "requires": {
        "end-of-stream": "1.4.4",
        "pump": "3.0.0",
        "semver": "7.1.3",
        "tiny-lru": "7.0.2",
        "undici": "0.5.0"
      }
    },
    "fastq": {
      "version": "1.6.0",
      "resolved": "https://registry.eogresources.npme.io/fastq/-/fastq-1.6.0.tgz",
      "integrity": "sha512-jmxqQ3Z/nXoeyDmWAzF9kH1aGZSis6e/SbfPmJpUnyZ0ogr6iscHQaml4wsEepEWSdtmpy+eVXmCRIMpxaXqOA==",
      "requires": {
        "reusify": "1.0.4"
      }
    },
    "http-parser-js": {
      "version": "0.5.2",
      "resolved": "https://registry.eogresources.npme.io/http-parser-js/-/http-parser-js-0.5.2.tgz",
      "integrity": "sha512-opCO9ASqg5Wy2FNo7A0sxy71yGbbkJJXLdgMK04Tcypw9jr2MgWbyubb0+WdmDmGnFflO7fRbqbaihh/ENDlRQ=="
    },
    "inherits": {
      "version": "2.0.4",
      "resolved": "https://registry.eogresources.npme.io/inherits/-/inherits-2.0.4.tgz",
      "integrity": "sha512-k/vGaX4/Yla3WzyMCvTQOXYeIHvqOKtnqBduzTHpzpQZzAskKMhZ2K+EnBiSM9zGSoIFeMpXKxa4dYeZIQqewQ=="
    },
    "listenercount": {
      "version": "1.0.1",
      "resolved": "https://registry.eogresources.npme.io/listenercount/-/listenercount-1.0.1.tgz",
      "integrity": "sha1-hMinKrWcRyUyFIDJdeZQg0LnCTc="
    },
    "once": {
      "version": "1.4.0",
      "resolved": "https://registry.eogresources.npme.io/once/-/once-1.4.0.tgz",
      "integrity": "sha1-WDsap3WWHUsROsF9nFC6753Xa9E=",
      "requires": {
        "wrappy": "1.0.2"
      }
    },
    "process-nextick-args": {
      "version": "1.0.7",
      "resolved": "https://registry.eogresources.npme.io/process-nextick-args/-/process-nextick-args-1.0.7.tgz",
      "integrity": "sha1-FQ4gt1ZZCtP5EJPyWk8q2L/zC6M="
    },
    "pump": {
      "version": "3.0.0",
      "resolved": "https://registry.eogresources.npme.io/pump/-/pump-3.0.0.tgz",
      "integrity": "sha512-LwZy+p3SFs1Pytd/jYct4wpv49HiYCqd9Rlc5ZVdk0V+8Yzv6jR5Blk3TRmPL1ft69TxP0IMZGJ+WPFU2BFhww==",
      "requires": {
        "end-of-stream": "1.4.4",
        "once": "1.4.0"
      }
    },
    "readable-stream": {
      "version": "3.6.0",
      "resolved": "https://registry.eogresources.npme.io/readable-stream/-/readable-stream-3.6.0.tgz",
      "integrity": "sha512-BViHy7LKeTz4oNnkcLJ+lVSL6vpiFeX6/d3oSH8zCW7UxP2onchk+vTGB143xuFjHS3deTgkKoXXymXqymiIdA==",
      "requires": {
        "inherits": "2.0.4",
        "string_decoder": "1.3.0",
        "util-deprecate": "1.0.2"
      }
    },
    "retimer": {
      "version": "2.0.0",
      "resolved": "https://registry.eogresources.npme.io/retimer/-/retimer-2.0.0.tgz",
      "integrity": "sha512-KLXY85WkEq2V2bKex/LOO1ViXVn2KGYe4PYysAdYdjmraYIUsVkXu8O4am+8+5UbaaGl1qho4aqAAPHNQ4GSbg=="
    },
    "reusify": {
      "version": "1.0.4",
      "resolved": "https://registry.eogresources.npme.io/reusify/-/reusify-1.0.4.tgz",
      "integrity": "sha512-U9nH88a3fc/ekCF1l0/UP1IosiuIjyTh7hBvXVMHYgVcfGvt897Xguj2UOLDeI5BG2m7/uwyaLVT6fbtCwTyzw=="
    },
    "safe-buffer": {
      "version": "5.2.0",
      "resolved": "https://registry.eogresources.npme.io/safe-buffer/-/safe-buffer-5.2.0.tgz",
      "integrity": "sha512-fZEwUGbVl7kouZs1jCdMLdt95hdIv0ZeHg6L7qPeciMZhZ+/gdesW4wgTARkrFWEpspjEATAzUGPG8N2jJiwbg=="
    },
    "semver": {
      "version": "7.1.3",
      "resolved": "https://registry.eogresources.npme.io/semver/-/semver-7.1.3.tgz",
      "integrity": "sha512-ekM0zfiA9SCBlsKa2X1hxyxiI4L3B6EbVJkkdgQXnSEEaHlGdvyodMruTiulSRWMMB4NeIuYNMC9rTKTz97GxA=="
    },
    "string_decoder": {
      "version": "1.3.0",
      "resolved": "https://registry.eogresources.npme.io/string_decoder/-/string_decoder-1.3.0.tgz",
      "integrity": "sha512-hkRX8U1WjJFd8LsDJ2yQ/wWWxaopEsABU1XfkM8A+j0+85JAGppt16cr1Whg6KIbb4okU6Mql6BOj+uup/wKeA==",
      "requires": {
        "safe-buffer": "5.2.0"
      }
    },
    "syncthrough": {
      "version": "0.5.0",
      "resolved": "https://registry.eogresources.npme.io/syncthrough/-/syncthrough-0.5.0.tgz",
      "integrity": "sha1-nRNdOJz0WJp4+qrjRTU/5hLIzqA=",
      "requires": {
        "inherits": "2.0.4",
        "listenercount": "1.0.1",
        "process-nextick-args": "1.0.7"
      }
    },
    "tiny-lru": {
      "version": "7.0.2",
      "resolved": "https://registry.eogresources.npme.io/tiny-lru/-/tiny-lru-7.0.2.tgz",
      "integrity": "sha512-cmc9OOwmnAJtyFBYaznKR3abypEhWecarFrvS5db6qwSgoaDUWV0JX+mdh6B9wN60Wux3+gE1vjzxkoqxFBjqw=="
    },
    "undici": {
      "version": "0.5.0",
      "resolved": "https://registry.eogresources.npme.io/undici/-/undici-0.5.0.tgz",
      "integrity": "sha512-Mpc96q9Mh/rJq8Xmf1m29MqFHdW72CW6iTOsP5NS+2wymgmSk/cGDplB3EHz4lb9j48QEBhyKIlKWwXd9yU6Og==",
      "requires": {
        "end-of-stream": "1.4.4",
        "fastq": "1.6.0",
        "http-parser-js": "0.5.2",
        "readable-stream": "3.6.0",
        "retimer": "2.0.0",
        "syncthrough": "0.5.0"
      }
    },
    "util-deprecate": {
      "version": "1.0.2",
      "resolved": "https://registry.eogresources.npme.io/util-deprecate/-/util-deprecate-1.0.2.tgz",
      "integrity": "sha1-RQ1Nyfpw3nMnYvvS1KKJgUGaDM8="
    },
    "wrappy": {
      "version": "1.0.2",
      "resolved": "https://registry.eogresources.npme.io/wrappy/-/wrappy-1.0.2.tgz",
      "integrity": "sha1-tSQ9jz7BqjXxNkYFvA0QNuMKtp8="
    }
  }
}
